// !$*UTF8*$!
{
	archiveVersion = 1;
	classes = {
	};
	objectVersion = 54;
	objects = {
		97C146E61CF9000F007C117D = {
			isa = PBXGroup;
			children = (
				9740EEB11CF90186004384FC,
			);
			name = Products;
			sourceTree = "<group>";
		};
		9740EEB11CF90186004384FC = {
			isa = PBXFileReference;
			explicitFileType = wrapper.application;
			includeInIndex = 0;
			path = Runner.app;
			sourceTree = BUILT_PRODUCTS_DIR;
		};
	};
	rootObject = 97C146E31CF9000F007C117D;
}
